{
  "name": "wind-es",
  "version": "1.0.0",
  "lockfileVersion": 1,
  "requires": true,
  "dependencies": {
    "@types/arcgis-js-api": {
      "version": "4.20.1",
      "resolved": "https://registry.npmjs.org/@types/arcgis-js-api/-/arcgis-js-api-4.20.1.tgz",
      "integrity": "sha512-rqqYSWbVvN5IaNshF2l0Fr0vJFYXjNOrRJ1zKHu7MLXzBcgWQP2g3bghZlWrSartuxm2jlQdfjoWP+dNblWXRQ==",
      "dev": true
    },
    "@types/gl-matrix": {
      "version": "3.2.0",
      "resolved": "https://registry.npmjs.org/@types/gl-matrix/-/gl-matrix-3.2.0.tgz",
      "integrity": "sha512-CY4JAtSOGQX7rVgqVuOk7ZfaLv8VeadDMPj3smMOy8Hp/YiHONa3Mr0mEUgbo0eEwV7+Owpf6BwspcA7hv4NXg==",
      "dev": true,
      "requires": {
        "gl-matrix": "*"
      }
    },
    "gl-matrix": {
      "version": "3.3.0",
      "resolved": "https://registry.npmjs.org/gl-matrix/-/gl-matrix-3.3.0.tgz",
      "integrity": "sha512-COb7LDz+SXaHtl/h4LeaFcNdJdAQSDeVqjiIihSXNrkWObZLhDI4hIkZC11Aeqp7bcE72clzB0BnDXr2SmslRA==",
      "dev": true
    },
    "tslib": {
      "version": "2.3.0",
      "resolved": "https://registry.npmjs.org/tslib/-/tslib-2.3.0.tgz",
      "integrity": "sha512-N82ooyxVNm6h1riLCoyS9e3fuJ3AMG2zIZs2Gd1ATcSFjSA23Q0fzjjZeh0jbJvWVDZ0cJT8yaNNaaXHzueNjg=="
    },
    "typescript": {
      "version": "4.3.5",
      "resolved": "https://registry.npmjs.org/typescript/-/typescript-4.3.5.tgz",
      "integrity": "sha512-DqQgihaQ9cUrskJo9kIyW/+g0Vxsk8cDtZ52a3NGh0YNTfpUSArXSohyUGnvbPazEPLu398C0UxmKSOrPumUzA==",
      "dev": true
    }
  }
}
